
Microsoft Visual Studio Solution File, Format Version 12.00
# Visual Studio Version 17
VisualStudioVersion = 17.0.31903.59
MinimumVisualStudioVersion = 10.0.40219.1
Project("{2150E333-8FDC-42A3-9474-1A3956D46DE8}") = "src", "src", "{827E0CD3-B72D-47B6-A68D-7590B98EB39B}"
EndProject
Project("{2150E333-8FDC-42A3-9474-1A3956D46DE8}") = "PedidoMicrosservice", "PedidoMicrosservice", "{C648356B-281C-07E9-252F-C24D7837062B}"
EndProject
Project("{FAE04EC0-301F-11D3-BF4B-00C04F79EFBC}") = "Pedido.Domain", "src\PedidoMicrosservice\Pedido.Domain\Pedido.Domain.csproj", "{4957E3F4-B327-4659-8FEA-84787BC92920}"
EndProject
Project("{FAE04EC0-301F-11D3-BF4B-00C04F79EFBC}") = "Pedido.Application", "src\PedidoMicrosservice\Pedido.Application\Pedido.Application.csproj", "{EDA9E995-2451-40E8-8488-D6473DD72DD4}"
EndProject
Project("{FAE04EC0-301F-11D3-BF4B-00C04F79EFBC}") = "Pedido.Infrastructure", "src\PedidoMicrosservice\Pedido.Infrastructure\Pedido.Infrastructure.csproj", "{3F08A5A6-0C00-4545-B06E-6E2952D78F38}"
EndProject
Project("{FAE04EC0-301F-11D3-BF4B-00C04F79EFBC}") = "Pedido.Api", "src\PedidoMicrosservice\Pedido.Api\Pedido.Api.csproj", "{36EB23FE-EA7A-4D38-B087-4000E91D6BC9}"
EndProject
Project("{2150E333-8FDC-42A3-9474-1A3956D46DE8}") = "PagamentoMicrosservice", "PagamentoMicrosservice", "{5F1595D6-09E8-54CB-DFC0-180978D25357}"
EndProject
Project("{FAE04EC0-301F-11D3-BF4B-00C04F79EFBC}") = "Pagamento.Domain", "src\PagamentoMicrosservice\Pagamento.Domain\Pagamento.Domain.csproj", "{BFE3804A-99E5-4C15-BED5-3C7DB0F341CA}"
EndProject
Project("{FAE04EC0-301F-11D3-BF4B-00C04F79EFBC}") = "Pagamento.Application", "src\PagamentoMicrosservice\Pagamento.Application\Pagamento.Application.csproj", "{0644AB10-D89B-410E-8FA8-844178E82260}"
EndProject
Project("{FAE04EC0-301F-11D3-BF4B-00C04F79EFBC}") = "Pagamento.Infrastructure", "src\PagamentoMicrosservice\Pagamento.Infrastructure\Pagamento.Infrastructure.csproj", "{1305D483-C6BF-48D1-A30C-43F291ABD4CC}"
EndProject
Project("{FAE04EC0-301F-11D3-BF4B-00C04F79EFBC}") = "Pagamento.Api", "src\PagamentoMicrosservice\Pagamento.Api\Pagamento.Api.csproj", "{80E77E90-A299-4F69-9D50-F909E0A5FD96}"
EndProject
Global
	GlobalSection(SolutionConfigurationPlatforms) = preSolution
		Debug|Any CPU = Debug|Any CPU
		Debug|x64 = Debug|x64
		Debug|x86 = Debug|x86
		Release|Any CPU = Release|Any CPU
		Release|x64 = Release|x64
		Release|x86 = Release|x86
	EndGlobalSection
	GlobalSection(ProjectConfigurationPlatforms) = postSolution
		{4957E3F4-B327-4659-8FEA-84787BC92920}.Debug|Any CPU.ActiveCfg = Debug|Any CPU
		{4957E3F4-B327-4659-8FEA-84787BC92920}.Debug|Any CPU.Build.0 = Debug|Any CPU
		{4957E3F4-B327-4659-8FEA-84787BC92920}.Debug|x64.ActiveCfg = Debug|Any CPU
		{4957E3F4-B327-4659-8FEA-84787BC92920}.Debug|x64.Build.0 = Debug|Any CPU
		{4957E3F4-B327-4659-8FEA-84787BC92920}.Debug|x86.ActiveCfg = Debug|Any CPU
		{4957E3F4-B327-4659-8FEA-84787BC92920}.Debug|x86.Build.0 = Debug|Any CPU
		{4957E3F4-B327-4659-8FEA-84787BC92920}.Release|Any CPU.ActiveCfg = Release|Any CPU
		{4957E3F4-B327-4659-8FEA-84787BC92920}.Release|Any CPU.Build.0 = Release|Any CPU
		{4957E3F4-B327-4659-8FEA-84787BC92920}.Release|x64.ActiveCfg = Release|Any CPU
		{4957E3F4-B327-4659-8FEA-84787BC92920}.Release|x64.Build.0 = Release|Any CPU
		{4957E3F4-B327-4659-8FEA-84787BC92920}.Release|x86.ActiveCfg = Release|Any CPU
		{4957E3F4-B327-4659-8FEA-84787BC92920}.Release|x86.Build.0 = Release|Any CPU
		{EDA9E995-2451-40E8-8488-D6473DD72DD4}.Debug|Any CPU.ActiveCfg = Debug|Any CPU
		{EDA9E995-2451-40E8-8488-D6473DD72DD4}.Debug|Any CPU.Build.0 = Debug|Any CPU
		{EDA9E995-2451-40E8-8488-D6473DD72DD4}.Debug|x64.ActiveCfg = Debug|Any CPU
		{EDA9E995-2451-40E8-8488-D6473DD72DD4}.Debug|x64.Build.0 = Debug|Any CPU
		{EDA9E995-2451-40E8-8488-D6473DD72DD4}.Debug|x86.ActiveCfg = Debug|Any CPU
		{EDA9E995-2451-40E8-8488-D6473DD72DD4}.Debug|x86.Build.0 = Debug|Any CPU
		{EDA9E995-2451-40E8-8488-D6473DD72DD4}.Release|Any CPU.ActiveCfg = Release|Any CPU
		{EDA9E995-2451-40E8-8488-D6473DD72DD4}.Release|Any CPU.Build.0 = Release|Any CPU
		{EDA9E995-2451-40E8-8488-D6473DD72DD4}.Release|x64.ActiveCfg = Release|Any CPU
		{EDA9E995-2451-40E8-8488-D6473DD72DD4}.Release|x64.Build.0 = Release|Any CPU
		{EDA9E995-2451-40E8-8488-D6473DD72DD4}.Release|x86.ActiveCfg = Release|Any CPU
		{EDA9E995-2451-40E8-8488-D6473DD72DD4}.Release|x86.Build.0 = Release|Any CPU
		{3F08A5A6-0C00-4545-B06E-6E2952D78F38}.Debug|Any CPU.ActiveCfg = Debug|Any CPU
		{3F08A5A6-0C00-4545-B06E-6E2952D78F38}.Debug|Any CPU.Build.0 = Debug|Any CPU
		{3F08A5A6-0C00-4545-B06E-6E2952D78F38}.Debug|x64.ActiveCfg = Debug|Any CPU
		{3F08A5A6-0C00-4545-B06E-6E2952D78F38}.Debug|x64.Build.0 = Debug|Any CPU
		{3F08A5A6-0C00-4545-B06E-6E2952D78F38}.Debug|x86.ActiveCfg = Debug|Any CPU
		{3F08A5A6-0C00-4545-B06E-6E2952D78F38}.Debug|x86.Build.0 = Debug|Any CPU
		{3F08A5A6-0C00-4545-B06E-6E2952D78F38}.Release|Any CPU.ActiveCfg = Release|Any CPU
		{3F08A5A6-0C00-4545-B06E-6E2952D78F38}.Release|Any CPU.Build.0 = Release|Any CPU
		{3F08A5A6-0C00-4545-B06E-6E2952D78F38}.Release|x64.ActiveCfg = Release|Any CPU
		{3F08A5A6-0C00-4545-B06E-6E2952D78F38}.Release|x64.Build.0 = Release|Any CPU
		{3F08A5A6-0C00-4545-B06E-6E2952D78F38}.Release|x86.ActiveCfg = Release|Any CPU
		{3F08A5A6-0C00-4545-B06E-6E2952D78F38}.Release|x86.Build.0 = Release|Any CPU
		{36EB23FE-EA7A-4D38-B087-4000E91D6BC9}.Debug|Any CPU.ActiveCfg = Debug|Any CPU
		{36EB23FE-EA7A-4D38-B087-4000E91D6BC9}.Debug|Any CPU.Build.0 = Debug|Any CPU
		{36EB23FE-EA7A-4D38-B087-4000E91D6BC9}.Debug|x64.ActiveCfg = Debug|Any CPU
		{36EB23FE-EA7A-4D38-B087-4000E91D6BC9}.Debug|x64.Build.0 = Debug|Any CPU
		{36EB23FE-EA7A-4D38-B087-4000E91D6BC9}.Debug|x86.ActiveCfg = Debug|Any CPU
		{36EB23FE-EA7A-4D38-B087-4000E91D6BC9}.Debug|x86.Build.0 = Debug|Any CPU
		{36EB23FE-EA7A-4D38-B087-4000E91D6BC9}.Release|Any CPU.ActiveCfg = Release|Any CPU
		{36EB23FE-EA7A-4D38-B087-4000E91D6BC9}.Release|Any CPU.Build.0 = Release|Any CPU
		{36EB23FE-EA7A-4D38-B087-4000E91D6BC9}.Release|x64.ActiveCfg = Release|Any CPU
		{36EB23FE-EA7A-4D38-B087-4000E91D6BC9}.Release|x64.Build.0 = Release|Any CPU
		{36EB23FE-EA7A-4D38-B087-4000E91D6BC9}.Release|x86.ActiveCfg = Release|Any CPU
		{36EB23FE-EA7A-4D38-B087-4000E91D6BC9}.Release|x86.Build.0 = Release|Any CPU
		{BFE3804A-99E5-4C15-BED5-3C7DB0F341CA}.Debug|Any CPU.ActiveCfg = Debug|Any CPU
		{BFE3804A-99E5-4C15-BED5-3C7DB0F341CA}.Debug|Any CPU.Build.0 = Debug|Any CPU
		{BFE3804A-99E5-4C15-BED5-3C7DB0F341CA}.Debug|x64.ActiveCfg = Debug|Any CPU
		{BFE3804A-99E5-4C15-BED5-3C7DB0F341CA}.Debug|x64.Build.0 = Debug|Any CPU
		{BFE3804A-99E5-4C15-BED5-3C7DB0F341CA}.Debug|x86.ActiveCfg = Debug|Any CPU
		{BFE3804A-99E5-4C15-BED5-3C7DB0F341CA}.Debug|x86.Build.0 = Debug|Any CPU
		{BFE3804A-99E5-4C15-BED5-3C7DB0F341CA}.Release|Any CPU.ActiveCfg = Release|Any CPU
		{BFE3804A-99E5-4C15-BED5-3C7DB0F341CA}.Release|Any CPU.Build.0 = Release|Any CPU
		{BFE3804A-99E5-4C15-BED5-3C7DB0F341CA}.Release|x64.ActiveCfg = Release|Any CPU
		{BFE3804A-99E5-4C15-BED5-3C7DB0F341CA}.Release|x64.Build.0 = Release|Any CPU
		{BFE3804A-99E5-4C15-BED5-3C7DB0F341CA}.Release|x86.ActiveCfg = Release|Any CPU
		{BFE3804A-99E5-4C15-BED5-3C7DB0F341CA}.Release|x86.Build.0 = Release|Any CPU
		{0644AB10-D89B-410E-8FA8-844178E82260}.Debug|Any CPU.ActiveCfg = Debug|Any CPU
		{0644AB10-D89B-410E-8FA8-844178E82260}.Debug|Any CPU.Build.0 = Debug|Any CPU
		{0644AB10-D89B-410E-8FA8-844178E82260}.Debug|x64.ActiveCfg = Debug|Any CPU
		{0644AB10-D89B-410E-8FA8-844178E82260}.Debug|x64.Build.0 = Debug|Any CPU
		{0644AB10-D89B-410E-8FA8-844178E82260}.Debug|x86.ActiveCfg = Debug|Any CPU
		{0644AB10-D89B-410E-8FA8-844178E82260}.Debug|x86.Build.0 = Debug|Any CPU
		{0644AB10-D89B-410E-8FA8-844178E82260}.Release|Any CPU.ActiveCfg = Release|Any CPU
		{0644AB10-D89B-410E-8FA8-844178E82260}.Release|Any CPU.Build.0 = Release|Any CPU
		{0644AB10-D89B-410E-8FA8-844178E82260}.Release|x64.ActiveCfg = Release|Any CPU
		{0644AB10-D89B-410E-8FA8-844178E82260}.Release|x64.Build.0 = Release|Any CPU
		{0644AB10-D89B-410E-8FA8-844178E82260}.Release|x86.ActiveCfg = Release|Any CPU
		{0644AB10-D89B-410E-8FA8-844178E82260}.Release|x86.Build.0 = Release|Any CPU
		{1305D483-C6BF-48D1-A30C-43F291ABD4CC}.Debug|Any CPU.ActiveCfg = Debug|Any CPU
		{1305D483-C6BF-48D1-A30C-43F291ABD4CC}.Debug|Any CPU.Build.0 = Debug|Any CPU
		{1305D483-C6BF-48D1-A30C-43F291ABD4CC}.Debug|x64.ActiveCfg = Debug|Any CPU
		{1305D483-C6BF-48D1-A30C-43F291ABD4CC}.Debug|x64.Build.0 = Debug|Any CPU
		{1305D483-C6BF-48D1-A30C-43F291ABD4CC}.Debug|x86.ActiveCfg = Debug|Any CPU
		{1305D483-C6BF-48D1-A30C-43F291ABD4CC}.Debug|x86.Build.0 = Debug|Any CPU
		{1305D483-C6BF-48D1-A30C-43F291ABD4CC}.Release|Any CPU.ActiveCfg = Release|Any CPU
		{1305D483-C6BF-48D1-A30C-43F291ABD4CC}.Release|Any CPU.Build.0 = Release|Any CPU
		{1305D483-C6BF-48D1-A30C-43F291ABD4CC}.Release|x64.ActiveCfg = Release|Any CPU
		{1305D483-C6BF-48D1-A30C-43F291ABD4CC}.Release|x64.Build.0 = Release|Any CPU
		{1305D483-C6BF-48D1-A30C-43F291ABD4CC}.Release|x86.ActiveCfg = Release|Any CPU
		{1305D483-C6BF-48D1-A30C-43F291ABD4CC}.Release|x86.Build.0 = Release|Any CPU
		{80E77E90-A299-4F69-9D50-F909E0A5FD96}.Debug|Any CPU.ActiveCfg = Debug|Any CPU
		{80E77E90-A299-4F69-9D50-F909E0A5FD96}.Debug|Any CPU.Build.0 = Debug|Any CPU
		{80E77E90-A299-4F69-9D50-F909E0A5FD96}.Debug|x64.ActiveCfg = Debug|Any CPU
		{80E77E90-A299-4F69-9D50-F909E0A5FD96}.Debug|x64.Build.0 = Debug|Any CPU
		{80E77E90-A299-4F69-9D50-F909E0A5FD96}.Debug|x86.ActiveCfg = Debug|Any CPU
		{80E77E90-A299-4F69-9D50-F909E0A5FD96}.Debug|x86.Build.0 = Debug|Any CPU
		{80E77E90-A299-4F69-9D50-F909E0A5FD96}.Release|Any CPU.ActiveCfg = Release|Any CPU
		{80E77E90-A299-4F69-9D50-F909E0A5FD96}.Release|Any CPU.Build.0 = Release|Any CPU
		{80E77E90-A299-4F69-9D50-F909E0A5FD96}.Release|x64.ActiveCfg = Release|Any CPU
		{80E77E90-A299-4F69-9D50-F909E0A5FD96}.Release|x64.Build.0 = Release|Any CPU
		{80E77E90-A299-4F69-9D50-F909E0A5FD96}.Release|x86.ActiveCfg = Release|Any CPU
		{80E77E90-A299-4F69-9D50-F909E0A5FD96}.Release|x86.Build.0 = Release|Any CPU
	EndGlobalSection
	GlobalSection(SolutionProperties) = preSolution
		HideSolutionNode = FALSE
	EndGlobalSection
	GlobalSection(NestedProjects) = preSolution
		{C648356B-281C-07E9-252F-C24D7837062B} = {827E0CD3-B72D-47B6-A68D-7590B98EB39B}
		{4957E3F4-B327-4659-8FEA-84787BC92920} = {C648356B-281C-07E9-252F-C24D7837062B}
		{EDA9E995-2451-40E8-8488-D6473DD72DD4} = {C648356B-281C-07E9-252F-C24D7837062B}
		{3F08A5A6-0C00-4545-B06E-6E2952D78F38} = {C648356B-281C-07E9-252F-C24D7837062B}
		{36EB23FE-EA7A-4D38-B087-4000E91D6BC9} = {C648356B-281C-07E9-252F-C24D7837062B}
		{5F1595D6-09E8-54CB-DFC0-180978D25357} = {827E0CD3-B72D-47B6-A68D-7590B98EB39B}
		{BFE3804A-99E5-4C15-BED5-3C7DB0F341CA} = {5F1595D6-09E8-54CB-DFC0-180978D25357}
		{0644AB10-D89B-410E-8FA8-844178E82260} = {5F1595D6-09E8-54CB-DFC0-180978D25357}
		{1305D483-C6BF-48D1-A30C-43F291ABD4CC} = {5F1595D6-09E8-54CB-DFC0-180978D25357}
		{80E77E90-A299-4F69-9D50-F909E0A5FD96} = {5F1595D6-09E8-54CB-DFC0-180978D25357}
	EndGlobalSection
EndGlobal
